
Microsoft Visual Studio Solution File, Format Version 12.00
# Visual Studio Version 16
VisualStudioVersion = 16.0.29503.13
MinimumVisualStudioVersion = 15.0.26228.04
Project("{FAE04EC0-301F-11D3-BF4B-00C04F79EFBC}") = "Examples", "Examples.csproj", "{A717AD5D-C5B5-4769-BD40-F14C09F269BB}"
EndProject
Project("{FAE04EC0-301F-11D3-BF4B-00C04F79EFBC}") = "ScriptHookRDRDotNet_API", "source\scripting_v3\ScriptHookRDRDotNet_API.csproj", "{D68E6CB7-FC70-41C9-BD53-D79552B37F0E}"
EndProject
Project("{8BC9CEB8-8B4A-11D0-8D11-00A0C91BC942}") = "ScriptHookRDRDotNet", "ScriptHookRDRDotNet.vcxproj", "{EE620BCB-3C8C-4BE8-88F4-924DAAEF304B}"
EndProject
Global
	GlobalSection(SolutionConfigurationPlatforms) = preSolution
		Debug|x64 = Debug|x64
		NativeGen|x64 = NativeGen|x64
		Release + Examples|x64 = Release + Examples|x64
		Release|x64 = Release|x64
		Run NativeGen|x64 = Run NativeGen|x64
	EndGlobalSection
	GlobalSection(ProjectConfigurationPlatforms) = postSolution
		{A717AD5D-C5B5-4769-BD40-F14C09F269BB}.Debug|x64.ActiveCfg = Debug|x64
		{A717AD5D-C5B5-4769-BD40-F14C09F269BB}.NativeGen|x64.ActiveCfg = Release|x64
		{A717AD5D-C5B5-4769-BD40-F14C09F269BB}.NativeGen|x64.Build.0 = Release|x64
		{A717AD5D-C5B5-4769-BD40-F14C09F269BB}.Release + Examples|x64.ActiveCfg = Release|x64
		{A717AD5D-C5B5-4769-BD40-F14C09F269BB}.Release + Examples|x64.Build.0 = Release|x64
		{A717AD5D-C5B5-4769-BD40-F14C09F269BB}.Release|x64.ActiveCfg = Release|x64
		{A717AD5D-C5B5-4769-BD40-F14C09F269BB}.Run NativeGen|x64.ActiveCfg = Release|x64
		{D68E6CB7-FC70-41C9-BD53-D79552B37F0E}.Debug|x64.ActiveCfg = Debug|x64
		{D68E6CB7-FC70-41C9-BD53-D79552B37F0E}.Debug|x64.Build.0 = Debug|x64
		{D68E6CB7-FC70-41C9-BD53-D79552B37F0E}.NativeGen|x64.ActiveCfg = Release|x64
		{D68E6CB7-FC70-41C9-BD53-D79552B37F0E}.NativeGen|x64.Build.0 = Release|x64
		{D68E6CB7-FC70-41C9-BD53-D79552B37F0E}.Release + Examples|x64.ActiveCfg = Release|x64
		{D68E6CB7-FC70-41C9-BD53-D79552B37F0E}.Release + Examples|x64.Build.0 = Release|x64
		{D68E6CB7-FC70-41C9-BD53-D79552B37F0E}.Release|x64.ActiveCfg = Release|x64
		{D68E6CB7-FC70-41C9-BD53-D79552B37F0E}.Release|x64.Build.0 = Release|x64
		{D68E6CB7-FC70-41C9-BD53-D79552B37F0E}.Run NativeGen|x64.ActiveCfg = Release|x64
		{D68E6CB7-FC70-41C9-BD53-D79552B37F0E}.Run NativeGen|x64.Build.0 = Release|x64
		{EE620BCB-3C8C-4BE8-88F4-924DAAEF304B}.Debug|x64.ActiveCfg = Debug|x64
		{EE620BCB-3C8C-4BE8-88F4-924DAAEF304B}.Debug|x64.Build.0 = Debug|x64
		{EE620BCB-3C8C-4BE8-88F4-924DAAEF304B}.NativeGen|x64.ActiveCfg = NativeGen|x64
		{EE620BCB-3C8C-4BE8-88F4-924DAAEF304B}.NativeGen|x64.Build.0 = NativeGen|x64
		{EE620BCB-3C8C-4BE8-88F4-924DAAEF304B}.Release + Examples|x64.ActiveCfg = Release|x64
		{EE620BCB-3C8C-4BE8-88F4-924DAAEF304B}.Release + Examples|x64.Build.0 = Release|x64
		{EE620BCB-3C8C-4BE8-88F4-924DAAEF304B}.Release|x64.ActiveCfg = Release|x64
		{EE620BCB-3C8C-4BE8-88F4-924DAAEF304B}.Release|x64.Build.0 = Release|x64
		{EE620BCB-3C8C-4BE8-88F4-924DAAEF304B}.Run NativeGen|x64.ActiveCfg = NativeGen|x64
		{EE620BCB-3C8C-4BE8-88F4-924DAAEF304B}.Run NativeGen|x64.Build.0 = NativeGen|x64
	EndGlobalSection
	GlobalSection(SolutionProperties) = preSolution
		HideSolutionNode = FALSE
	EndGlobalSection
	GlobalSection(ExtensibilityGlobals) = postSolution
		SolutionGuid = {DF9E4B99-B01B-4909-804F-7EECC61DC528}
	EndGlobalSection
EndGlobal
